
Microsoft Visual Studio Solution File, Format Version 12.00
# Visual Studio Version 17
VisualStudioVersion = 17.1.32228.430
MinimumVisualStudioVersion = 10.0.40219.1
Project("{FAE04EC0-301F-11D3-BF4B-00C04F79EFBC}") = "Chess_Project", "Chess_Project\Chess_Project.csproj", "{A1EEC529-63A6-4517-9E3F-A475C6CF6C7B}"
EndProject
Global
	GlobalSection(SolutionConfigurationPlatforms) = preSolution
		Debug|Any CPU = Debug|Any CPU
		Release|Any CPU = Release|Any CPU
	EndGlobalSection
	GlobalSection(ProjectConfigurationPlatforms) = postSolution
		{A1EEC529-63A6-4517-9E3F-A475C6CF6C7B}.Debug|Any CPU.ActiveCfg = Debug|Any CPU
		{A1EEC529-63A6-4517-9E3F-A475C6CF6C7B}.Debug|Any CPU.Build.0 = Debug|Any CPU
		{A1EEC529-63A6-4517-9E3F-A475C6CF6C7B}.Release|Any CPU.ActiveCfg = Release|Any CPU
		{A1EEC529-63A6-4517-9E3F-A475C6CF6C7B}.Release|Any CPU.Build.0 = Release|Any CPU
	EndGlobalSection
	GlobalSection(SolutionProperties) = preSolution
		HideSolutionNode = FALSE
	EndGlobalSection
	GlobalSection(ExtensibilityGlobals) = postSolution
		SolutionGuid = {DA06BDA5-E7D2-4944-BDA5-22C849ADA943}
	EndGlobalSection
EndGlobal
